{
  "name": "demo",
  "version": "0.1.0",
  "lockfileVersion": 3,
  "comment": "Checked in so `capyfun gen-npm` can pin exact versions without npm. A real package-lock.json works identically; this is the minimal subset.",
  "packages": {
    "": {
      "name": "demo",
      "version": "0.1.0",
      "dependencies": {
        "ansi-styles": "^6.2.1",
        "escape-string-regexp": "^5.0.0"
      }
    },
    "node_modules/ansi-styles": {
      "version": "6.2.1"
    },
    "node_modules/escape-string-regexp": {
      "version": "5.0.0"
    }
  }
}
